
Microsoft Visual Studio Solution File, Format Version 12.00
# Visual Studio Version 16
VisualStudioVersion = 16.0.32228.343
MinimumVisualStudioVersion = 10.0.40219.1
Project("{FAE04EC0-301F-11D3-BF4B-00C04F79EFBC}") = "FunctionsReturnAndArraysFrom", "FunctionsReturnAndArraysFrom\FunctionsReturnAndArraysFrom.csproj", "{96D30C6A-7648-4F35-84B6-E412E42C3AEB}"
EndProject
Project("{FAE04EC0-301F-11D3-BF4B-00C04F79EFBC}") = "FridayNightRandom", "FridayNightRandom\FridayNightRandom.csproj", "{AB415306-2B53-4600-8815-0178779EC391}"
EndProject
Project("{FAE04EC0-301F-11D3-BF4B-00C04F79EFBC}") = "FridayNightRandomReturn", "FridayNightRandomReturn\FridayNightRandomReturn.csproj", "{00E1B5AB-0DD8-4E8E-82B2-D58E2C3AEA8E}"
EndProject
Project("{FAE04EC0-301F-11D3-BF4B-00C04F79EFBC}") = "PickRandomFromFile", "PickRandomFromFile\PickRandomFromFile.csproj", "{9038D9A9-9DE8-4E84-9DCC-698EB2A1E9D2}"
EndProject
Project("{FAE04EC0-301F-11D3-BF4B-00C04F79EFBC}") = "ChuckNorris", "ChuckNorris\ChuckNorris.csproj", "{4604635E-4C1B-4605-BA5E-6D525F6C9E51}"
EndProject
Global
	GlobalSection(SolutionConfigurationPlatforms) = preSolution
		Debug|Any CPU = Debug|Any CPU
		Release|Any CPU = Release|Any CPU
	EndGlobalSection
	GlobalSection(ProjectConfigurationPlatforms) = postSolution
		{96D30C6A-7648-4F35-84B6-E412E42C3AEB}.Debug|Any CPU.ActiveCfg = Debug|Any CPU
		{96D30C6A-7648-4F35-84B6-E412E42C3AEB}.Debug|Any CPU.Build.0 = Debug|Any CPU
		{96D30C6A-7648-4F35-84B6-E412E42C3AEB}.Release|Any CPU.ActiveCfg = Release|Any CPU
		{96D30C6A-7648-4F35-84B6-E412E42C3AEB}.Release|Any CPU.Build.0 = Release|Any CPU
		{AB415306-2B53-4600-8815-0178779EC391}.Debug|Any CPU.ActiveCfg = Debug|Any CPU
		{AB415306-2B53-4600-8815-0178779EC391}.Debug|Any CPU.Build.0 = Debug|Any CPU
		{AB415306-2B53-4600-8815-0178779EC391}.Release|Any CPU.ActiveCfg = Release|Any CPU
		{AB415306-2B53-4600-8815-0178779EC391}.Release|Any CPU.Build.0 = Release|Any CPU
		{00E1B5AB-0DD8-4E8E-82B2-D58E2C3AEA8E}.Debug|Any CPU.ActiveCfg = Debug|Any CPU
		{00E1B5AB-0DD8-4E8E-82B2-D58E2C3AEA8E}.Debug|Any CPU.Build.0 = Debug|Any CPU
		{00E1B5AB-0DD8-4E8E-82B2-D58E2C3AEA8E}.Release|Any CPU.ActiveCfg = Release|Any CPU
		{00E1B5AB-0DD8-4E8E-82B2-D58E2C3AEA8E}.Release|Any CPU.Build.0 = Release|Any CPU
		{9038D9A9-9DE8-4E84-9DCC-698EB2A1E9D2}.Debug|Any CPU.ActiveCfg = Debug|Any CPU
		{9038D9A9-9DE8-4E84-9DCC-698EB2A1E9D2}.Debug|Any CPU.Build.0 = Debug|Any CPU
		{9038D9A9-9DE8-4E84-9DCC-698EB2A1E9D2}.Release|Any CPU.ActiveCfg = Release|Any CPU
		{9038D9A9-9DE8-4E84-9DCC-698EB2A1E9D2}.Release|Any CPU.Build.0 = Release|Any CPU
		{4604635E-4C1B-4605-BA5E-6D525F6C9E51}.Debug|Any CPU.ActiveCfg = Debug|Any CPU
		{4604635E-4C1B-4605-BA5E-6D525F6C9E51}.Debug|Any CPU.Build.0 = Debug|Any CPU
		{4604635E-4C1B-4605-BA5E-6D525F6C9E51}.Release|Any CPU.ActiveCfg = Release|Any CPU
		{4604635E-4C1B-4605-BA5E-6D525F6C9E51}.Release|Any CPU.Build.0 = Release|Any CPU
	EndGlobalSection
	GlobalSection(SolutionProperties) = preSolution
		HideSolutionNode = FALSE
	EndGlobalSection
	GlobalSection(ExtensibilityGlobals) = postSolution
		SolutionGuid = {3F80AF78-95AF-48EF-9164-777F430B3B2B}
	EndGlobalSection
EndGlobal
